
Microsoft Visual Studio Solution File, Format Version 12.00
# Visual Studio Version 16
VisualStudioVersion = 16.0.31613.86
MinimumVisualStudioVersion = 10.0.40219.1
Project("{FAE04EC0-301F-11D3-BF4B-00C04F79EFBC}") = "PrimerParcial-JesusSivira", "PrimerParcial-JesusSivira\PrimerParcial-JesusSivira.csproj", "{9A4E1841-AA8B-4AC8-9331-0ADA79A7F97C}"
EndProject
Global
	GlobalSection(SolutionConfigurationPlatforms) = preSolution
		Debug|Any CPU = Debug|Any CPU
		Release|Any CPU = Release|Any CPU
	EndGlobalSection
	GlobalSection(ProjectConfigurationPlatforms) = postSolution
		{9A4E1841-AA8B-4AC8-9331-0ADA79A7F97C}.Debug|Any CPU.ActiveCfg = Debug|Any CPU
		{9A4E1841-AA8B-4AC8-9331-0ADA79A7F97C}.Debug|Any CPU.Build.0 = Debug|Any CPU
		{9A4E1841-AA8B-4AC8-9331-0ADA79A7F97C}.Release|Any CPU.ActiveCfg = Release|Any CPU
		{9A4E1841-AA8B-4AC8-9331-0ADA79A7F97C}.Release|Any CPU.Build.0 = Release|Any CPU
	EndGlobalSection
	GlobalSection(SolutionProperties) = preSolution
		HideSolutionNode = FALSE
	EndGlobalSection
	GlobalSection(ExtensibilityGlobals) = postSolution
		SolutionGuid = {55A26DAC-05BB-48BC-9D2B-388601D08DD7}
	EndGlobalSection
EndGlobal
